
Microsoft Visual Studio Solution File, Format Version 12.00
# Visual Studio 15
VisualStudioVersion = 15.0.27130.2010
MinimumVisualStudioVersion = 10.0.40219.1
Project("{FAE04EC0-301F-11D3-BF4B-00C04F79EFBC}") = "Task List", "Task List\Task List.csproj", "{43B7396B-2AC3-428F-B3CA-08C766D4B7C5}"
EndProject
Project("{FAE04EC0-301F-11D3-BF4B-00C04F79EFBC}") = "Task List.Tests", "Task List.Tests\Task List.Tests.csproj", "{3988F246-B291-4CA7-BDCA-2E84776913FB}"
EndProject
Global
	GlobalSection(SolutionConfigurationPlatforms) = preSolution
		Debug|Any CPU = Debug|Any CPU
		Release|Any CPU = Release|Any CPU
	EndGlobalSection
	GlobalSection(ProjectConfigurationPlatforms) = postSolution
		{43B7396B-2AC3-428F-B3CA-08C766D4B7C5}.Debug|Any CPU.ActiveCfg = Debug|Any CPU
		{43B7396B-2AC3-428F-B3CA-08C766D4B7C5}.Debug|Any CPU.Build.0 = Debug|Any CPU
		{43B7396B-2AC3-428F-B3CA-08C766D4B7C5}.Release|Any CPU.ActiveCfg = Release|Any CPU
		{43B7396B-2AC3-428F-B3CA-08C766D4B7C5}.Release|Any CPU.Build.0 = Release|Any CPU
		{3988F246-B291-4CA7-BDCA-2E84776913FB}.Debug|Any CPU.ActiveCfg = Debug|Any CPU
		{3988F246-B291-4CA7-BDCA-2E84776913FB}.Debug|Any CPU.Build.0 = Debug|Any CPU
		{3988F246-B291-4CA7-BDCA-2E84776913FB}.Release|Any CPU.ActiveCfg = Release|Any CPU
		{3988F246-B291-4CA7-BDCA-2E84776913FB}.Release|Any CPU.Build.0 = Release|Any CPU
	EndGlobalSection
	GlobalSection(SolutionProperties) = preSolution
		HideSolutionNode = FALSE
	EndGlobalSection
	GlobalSection(ExtensibilityGlobals) = postSolution
		SolutionGuid = {E5272487-C6F6-45CB-9ED9-3BF685E44D1D}
	EndGlobalSection
EndGlobal
